
Microsoft Visual Studio Solution File, Format Version 12.00
# Visual Studio Version 17
VisualStudioVersion = 17.5.002.0
MinimumVisualStudioVersion = 10.0.40219.1
Project("{9A19103F-16F7-4668-BE54-9A1E7A4F7556}") = "BookStoreApi", "BookStoreApi.csproj", "{196E05FA-79D4-4059-8904-4F2A2448ADC0}"
EndProject
Global
	GlobalSection(SolutionConfigurationPlatforms) = preSolution
		Debug|Any CPU = Debug|Any CPU
		Release|Any CPU = Release|Any CPU
	EndGlobalSection
	GlobalSection(ProjectConfigurationPlatforms) = postSolution
		{196E05FA-79D4-4059-8904-4F2A2448ADC0}.Debug|Any CPU.ActiveCfg = Debug|Any CPU
		{196E05FA-79D4-4059-8904-4F2A2448ADC0}.Debug|Any CPU.Build.0 = Debug|Any CPU
		{196E05FA-79D4-4059-8904-4F2A2448ADC0}.Release|Any CPU.ActiveCfg = Release|Any CPU
		{196E05FA-79D4-4059-8904-4F2A2448ADC0}.Release|Any CPU.Build.0 = Release|Any CPU
	EndGlobalSection
	GlobalSection(SolutionProperties) = preSolution
		HideSolutionNode = FALSE
	EndGlobalSection
	GlobalSection(ExtensibilityGlobals) = postSolution
		SolutionGuid = {25077A65-E046-4CE1-9018-4300D711245F}
	EndGlobalSection
EndGlobal
